# This file is automatically @generated by Poetry 1.8.5 and should not be changed by hand.

[[package]]
name = "mnemonic"
version = "0.21"
description = "Implementation of Bitcoin BIP-0039"
optional = false
python-versions = ">=3.8.1"
files = [
    {file = "mnemonic-0.21-py3-none-any.whl", hash = "sha256:72dc9de16ec5ef47287237b9b6943da11647a03fe7cf1f139fc3d7c4a7439288"},
    {file = "mnemonic-0.21.tar.gz", hash = "sha256:1fe496356820984f45559b1540c80ff10de448368929b9c60a2b55744cc88acf"},
]

[metadata]
lock-version = "2.0"
python-versions = "^3.13"
content-hash = "dcc8304a0527f25d9f8eb6024cf6463acbdb353064e7f180ac5db461b1b75653"
